
Microsoft Visual Studio Solution File, Format Version 12.00
# Visual Studio 14
VisualStudioVersion = 14.0.25420.1
MinimumVisualStudioVersion = 10.0.40219.1
Project("{FAE04EC0-301F-11D3-BF4B-00C04F79EFBC}") = "API", "API\API.csproj", "{74733FC9-A301-41E7-BD8E-E47551ABF034}"
EndProject
Project("{FAE04EC0-301F-11D3-BF4B-00C04F79EFBC}") = "API.Test.Unit", "API.Test.Unit\API.Test.Unit.csproj", "{11E168EF-7057-43CD-9893-A0B459778295}"
EndProject
Project("{FAE04EC0-301F-11D3-BF4B-00C04F79EFBC}") = "API.Scheduling", "API.Scheduling\API.Scheduling.csproj", "{45F2D53E-4FB9-4339-A553-9C29E136E200}"
EndProject
Project("{FAE04EC0-301F-11D3-BF4B-00C04F79EFBC}") = "API.Scheduling.Test.Unit", "API.Scheduling.Test.Unit\API.Scheduling.Test.Unit.csproj", "{907E6A14-AAC1-4DB3-95AE-F39699EAD499}"
EndProject
Project("{FAE04EC0-301F-11D3-BF4B-00C04F79EFBC}") = "Web", "Web\Web.csproj", "{C6FCCCE4-79B9-456C-9491-E5A283A19F8E}"
EndProject
Global
	GlobalSection(SolutionConfigurationPlatforms) = preSolution
		Debug|Any CPU = Debug|Any CPU
		Release|Any CPU = Release|Any CPU
	EndGlobalSection
	GlobalSection(ProjectConfigurationPlatforms) = postSolution
		{74733FC9-A301-41E7-BD8E-E47551ABF034}.Debug|Any CPU.ActiveCfg = Debug|Any CPU
		{74733FC9-A301-41E7-BD8E-E47551ABF034}.Debug|Any CPU.Build.0 = Debug|Any CPU
		{74733FC9-A301-41E7-BD8E-E47551ABF034}.Release|Any CPU.ActiveCfg = Release|Any CPU
		{74733FC9-A301-41E7-BD8E-E47551ABF034}.Release|Any CPU.Build.0 = Release|Any CPU
		{11E168EF-7057-43CD-9893-A0B459778295}.Debug|Any CPU.ActiveCfg = Debug|Any CPU
		{11E168EF-7057-43CD-9893-A0B459778295}.Debug|Any CPU.Build.0 = Debug|Any CPU
		{11E168EF-7057-43CD-9893-A0B459778295}.Release|Any CPU.ActiveCfg = Release|Any CPU
		{11E168EF-7057-43CD-9893-A0B459778295}.Release|Any CPU.Build.0 = Release|Any CPU
		{45F2D53E-4FB9-4339-A553-9C29E136E200}.Debug|Any CPU.ActiveCfg = Debug|Any CPU
		{45F2D53E-4FB9-4339-A553-9C29E136E200}.Debug|Any CPU.Build.0 = Debug|Any CPU
		{45F2D53E-4FB9-4339-A553-9C29E136E200}.Release|Any CPU.ActiveCfg = Release|Any CPU
		{45F2D53E-4FB9-4339-A553-9C29E136E200}.Release|Any CPU.Build.0 = Release|Any CPU
		{907E6A14-AAC1-4DB3-95AE-F39699EAD499}.Debug|Any CPU.ActiveCfg = Debug|Any CPU
		{907E6A14-AAC1-4DB3-95AE-F39699EAD499}.Debug|Any CPU.Build.0 = Debug|Any CPU
		{907E6A14-AAC1-4DB3-95AE-F39699EAD499}.Release|Any CPU.ActiveCfg = Release|Any CPU
		{907E6A14-AAC1-4DB3-95AE-F39699EAD499}.Release|Any CPU.Build.0 = Release|Any CPU
		{C6FCCCE4-79B9-456C-9491-E5A283A19F8E}.Debug|Any CPU.ActiveCfg = Debug|Any CPU
		{C6FCCCE4-79B9-456C-9491-E5A283A19F8E}.Debug|Any CPU.Build.0 = Debug|Any CPU
		{C6FCCCE4-79B9-456C-9491-E5A283A19F8E}.Release|Any CPU.ActiveCfg = Release|Any CPU
		{C6FCCCE4-79B9-456C-9491-E5A283A19F8E}.Release|Any CPU.Build.0 = Release|Any CPU
	EndGlobalSection
	GlobalSection(SolutionProperties) = preSolution
		HideSolutionNode = FALSE
	EndGlobalSection
EndGlobal
